
Microsoft Visual Studio Solution File, Format Version 12.00
# Visual Studio Version 16
VisualStudioVersion = 16.0.29613.14
MinimumVisualStudioVersion = 10.0.40219.1
Project("{FAE04EC0-301F-11D3-BF4B-00C04F79EFBC}") = "EventosV2", "EventosV2\EventosV2.csproj", "{4D3D10D0-AD79-4D4C-9A78-FC8503552C78}"
EndProject
Global
	GlobalSection(SolutionConfigurationPlatforms) = preSolution
		Debug|Any CPU = Debug|Any CPU
		Release|Any CPU = Release|Any CPU
	EndGlobalSection
	GlobalSection(ProjectConfigurationPlatforms) = postSolution
		{4D3D10D0-AD79-4D4C-9A78-FC8503552C78}.Debug|Any CPU.ActiveCfg = Debug|Any CPU
		{4D3D10D0-AD79-4D4C-9A78-FC8503552C78}.Debug|Any CPU.Build.0 = Debug|Any CPU
		{4D3D10D0-AD79-4D4C-9A78-FC8503552C78}.Release|Any CPU.ActiveCfg = Release|Any CPU
		{4D3D10D0-AD79-4D4C-9A78-FC8503552C78}.Release|Any CPU.Build.0 = Release|Any CPU
	EndGlobalSection
	GlobalSection(SolutionProperties) = preSolution
		HideSolutionNode = FALSE
	EndGlobalSection
	GlobalSection(ExtensibilityGlobals) = postSolution
		SolutionGuid = {08170BDF-7EB5-40B8-B808-2AAB08FFF0C3}
	EndGlobalSection
EndGlobal
